{
  "name": "@teseract/tesselator",
  "version": "1.0.0",
  "lockfileVersion": 3,
  "requires": true,
  "packages": {
    "": {
      "name": "@teseract/tesselator",
      "version": "1.0.0",
      "license": "ISC",
      "dependencies": {
        "@minecraft/server": "^1.14.0-beta.1.21.20-stable"
      }
    },
    "node_modules/@minecraft/common": {
      "version": "1.2.0",
      "resolved": "https://registry.npmjs.org/@minecraft/common/-/common-1.2.0.tgz",
      "integrity": "sha512-JdmEq4P3Z/FtoBzhLijFgMSVFnFRrUoLwY8DHHrgtFo0mfLTOLTB1RErYjLMsA6b7BGVNxkX/pfFRiH7QZ0XwQ=="
    },
    "node_modules/@minecraft/server": {
      "version": "1.14.0-beta.1.21.20-stable",
      "resolved": "https://registry.npmjs.org/@minecraft/server/-/server-1.14.0-beta.1.21.20-stable.tgz",
      "integrity": "sha512-FczVv4P7Qq9UZf+RTaProO43elCeCJ1/4C8z1uLQhQGx2Q+onTpp+2z10K+VrdMSooEMRIBndFhM0hw0e/SDXw==",
      "dependencies": {
        "@minecraft/common": "^1.1.0"
      }
    }
  }
}
